
Microsoft Visual Studio Solution File, Format Version 12.00
# Visual Studio Version 17
VisualStudioVersion = 17.0.31903.59
MinimumVisualStudioVersion = 10.0.40219.1
Project("{2150E333-8FDC-42A3-9474-1A3956D46DE8}") = "src", "src", "{827E0CD3-B72D-47B6-A68D-7590B98EB39B}"
EndProject
Project("{FAE04EC0-301F-11D3-BF4B-00C04F79EFBC}") = "Antifraude.Core", "src\Antifraude.Core\Antifraude.Core.csproj", "{E540D23B-B328-46AB-ACA7-6F730C554ED6}"
EndProject
Project("{FAE04EC0-301F-11D3-BF4B-00C04F79EFBC}") = "Antifraude.Infra", "src\Antifraude.Infra\Antifraude.Infra.csproj", "{8854A492-2F34-4C43-BF28-494796710033}"
EndProject
Project("{FAE04EC0-301F-11D3-BF4B-00C04F79EFBC}") = "Antifraude.Api", "src\Antifraude.Api\Antifraude.Api.csproj", "{419A4F7D-25CB-4100-84A7-EA16424A3AF0}"
EndProject
Project("{FAE04EC0-301F-11D3-BF4B-00C04F79EFBC}") = "Antifraude.Worker", "src\Antifraude.Worker\Antifraude.Worker.csproj", "{14AC35CC-AB17-48F2-8D77-2D34DDB92F63}"
EndProject
Project("{2150E333-8FDC-42A3-9474-1A3956D46DE8}") = "tests", "tests", "{0AB3BF05-4346-4AA6-1389-037BE0695223}"
EndProject
Project("{FAE04EC0-301F-11D3-BF4B-00C04F79EFBC}") = "Antifraude.Tests", "tests\Antifraude.Tests\Antifraude.Tests.csproj", "{0C9DD42D-6B2C-4A1C-AEC0-5851110EFB6B}"
EndProject
Global
	GlobalSection(SolutionConfigurationPlatforms) = preSolution
		Debug|Any CPU = Debug|Any CPU
		Debug|x64 = Debug|x64
		Debug|x86 = Debug|x86
		Release|Any CPU = Release|Any CPU
		Release|x64 = Release|x64
		Release|x86 = Release|x86
	EndGlobalSection
	GlobalSection(ProjectConfigurationPlatforms) = postSolution
		{E540D23B-B328-46AB-ACA7-6F730C554ED6}.Debug|Any CPU.ActiveCfg = Debug|Any CPU
		{E540D23B-B328-46AB-ACA7-6F730C554ED6}.Debug|Any CPU.Build.0 = Debug|Any CPU
		{E540D23B-B328-46AB-ACA7-6F730C554ED6}.Debug|x64.ActiveCfg = Debug|Any CPU
		{E540D23B-B328-46AB-ACA7-6F730C554ED6}.Debug|x64.Build.0 = Debug|Any CPU
		{E540D23B-B328-46AB-ACA7-6F730C554ED6}.Debug|x86.ActiveCfg = Debug|Any CPU
		{E540D23B-B328-46AB-ACA7-6F730C554ED6}.Debug|x86.Build.0 = Debug|Any CPU
		{E540D23B-B328-46AB-ACA7-6F730C554ED6}.Release|Any CPU.ActiveCfg = Release|Any CPU
		{E540D23B-B328-46AB-ACA7-6F730C554ED6}.Release|Any CPU.Build.0 = Release|Any CPU
		{E540D23B-B328-46AB-ACA7-6F730C554ED6}.Release|x64.ActiveCfg = Release|Any CPU
		{E540D23B-B328-46AB-ACA7-6F730C554ED6}.Release|x64.Build.0 = Release|Any CPU
		{E540D23B-B328-46AB-ACA7-6F730C554ED6}.Release|x86.ActiveCfg = Release|Any CPU
		{E540D23B-B328-46AB-ACA7-6F730C554ED6}.Release|x86.Build.0 = Release|Any CPU
		{8854A492-2F34-4C43-BF28-494796710033}.Debug|Any CPU.ActiveCfg = Debug|Any CPU
		{8854A492-2F34-4C43-BF28-494796710033}.Debug|Any CPU.Build.0 = Debug|Any CPU
		{8854A492-2F34-4C43-BF28-494796710033}.Debug|x64.ActiveCfg = Debug|Any CPU
		{8854A492-2F34-4C43-BF28-494796710033}.Debug|x64.Build.0 = Debug|Any CPU
		{8854A492-2F34-4C43-BF28-494796710033}.Debug|x86.ActiveCfg = Debug|Any CPU
		{8854A492-2F34-4C43-BF28-494796710033}.Debug|x86.Build.0 = Debug|Any CPU
		{8854A492-2F34-4C43-BF28-494796710033}.Release|Any CPU.ActiveCfg = Release|Any CPU
		{8854A492-2F34-4C43-BF28-494796710033}.Release|Any CPU.Build.0 = Release|Any CPU
		{8854A492-2F34-4C43-BF28-494796710033}.Release|x64.ActiveCfg = Release|Any CPU
		{8854A492-2F34-4C43-BF28-494796710033}.Release|x64.Build.0 = Release|Any CPU
		{8854A492-2F34-4C43-BF28-494796710033}.Release|x86.ActiveCfg = Release|Any CPU
		{8854A492-2F34-4C43-BF28-494796710033}.Release|x86.Build.0 = Release|Any CPU
		{419A4F7D-25CB-4100-84A7-EA16424A3AF0}.Debug|Any CPU.ActiveCfg = Debug|Any CPU
		{419A4F7D-25CB-4100-84A7-EA16424A3AF0}.Debug|Any CPU.Build.0 = Debug|Any CPU
		{419A4F7D-25CB-4100-84A7-EA16424A3AF0}.Debug|x64.ActiveCfg = Debug|Any CPU
		{419A4F7D-25CB-4100-84A7-EA16424A3AF0}.Debug|x64.Build.0 = Debug|Any CPU
		{419A4F7D-25CB-4100-84A7-EA16424A3AF0}.Debug|x86.ActiveCfg = Debug|Any CPU
		{419A4F7D-25CB-4100-84A7-EA16424A3AF0}.Debug|x86.Build.0 = Debug|Any CPU
		{419A4F7D-25CB-4100-84A7-EA16424A3AF0}.Release|Any CPU.ActiveCfg = Release|Any CPU
		{419A4F7D-25CB-4100-84A7-EA16424A3AF0}.Release|Any CPU.Build.0 = Release|Any CPU
		{419A4F7D-25CB-4100-84A7-EA16424A3AF0}.Release|x64.ActiveCfg = Release|Any CPU
		{419A4F7D-25CB-4100-84A7-EA16424A3AF0}.Release|x64.Build.0 = Release|Any CPU
		{419A4F7D-25CB-4100-84A7-EA16424A3AF0}.Release|x86.ActiveCfg = Release|Any CPU
		{419A4F7D-25CB-4100-84A7-EA16424A3AF0}.Release|x86.Build.0 = Release|Any CPU
		{14AC35CC-AB17-48F2-8D77-2D34DDB92F63}.Debug|Any CPU.ActiveCfg = Debug|Any CPU
		{14AC35CC-AB17-48F2-8D77-2D34DDB92F63}.Debug|Any CPU.Build.0 = Debug|Any CPU
		{14AC35CC-AB17-48F2-8D77-2D34DDB92F63}.Debug|x64.ActiveCfg = Debug|Any CPU
		{14AC35CC-AB17-48F2-8D77-2D34DDB92F63}.Debug|x64.Build.0 = Debug|Any CPU
		{14AC35CC-AB17-48F2-8D77-2D34DDB92F63}.Debug|x86.ActiveCfg = Debug|Any CPU
		{14AC35CC-AB17-48F2-8D77-2D34DDB92F63}.Debug|x86.Build.0 = Debug|Any CPU
		{14AC35CC-AB17-48F2-8D77-2D34DDB92F63}.Release|Any CPU.ActiveCfg = Release|Any CPU
		{14AC35CC-AB17-48F2-8D77-2D34DDB92F63}.Release|Any CPU.Build.0 = Release|Any CPU
		{14AC35CC-AB17-48F2-8D77-2D34DDB92F63}.Release|x64.ActiveCfg = Release|Any CPU
		{14AC35CC-AB17-48F2-8D77-2D34DDB92F63}.Release|x64.Build.0 = Release|Any CPU
		{14AC35CC-AB17-48F2-8D77-2D34DDB92F63}.Release|x86.ActiveCfg = Release|Any CPU
		{14AC35CC-AB17-48F2-8D77-2D34DDB92F63}.Release|x86.Build.0 = Release|Any CPU
		{0C9DD42D-6B2C-4A1C-AEC0-5851110EFB6B}.Debug|Any CPU.ActiveCfg = Debug|Any CPU
		{0C9DD42D-6B2C-4A1C-AEC0-5851110EFB6B}.Debug|Any CPU.Build.0 = Debug|Any CPU
		{0C9DD42D-6B2C-4A1C-AEC0-5851110EFB6B}.Debug|x64.ActiveCfg = Debug|Any CPU
		{0C9DD42D-6B2C-4A1C-AEC0-5851110EFB6B}.Debug|x64.Build.0 = Debug|Any CPU
		{0C9DD42D-6B2C-4A1C-AEC0-5851110EFB6B}.Debug|x86.ActiveCfg = Debug|Any CPU
		{0C9DD42D-6B2C-4A1C-AEC0-5851110EFB6B}.Debug|x86.Build.0 = Debug|Any CPU
		{0C9DD42D-6B2C-4A1C-AEC0-5851110EFB6B}.Release|Any CPU.ActiveCfg = Release|Any CPU
		{0C9DD42D-6B2C-4A1C-AEC0-5851110EFB6B}.Release|Any CPU.Build.0 = Release|Any CPU
		{0C9DD42D-6B2C-4A1C-AEC0-5851110EFB6B}.Release|x64.ActiveCfg = Release|Any CPU
		{0C9DD42D-6B2C-4A1C-AEC0-5851110EFB6B}.Release|x64.Build.0 = Release|Any CPU
		{0C9DD42D-6B2C-4A1C-AEC0-5851110EFB6B}.Release|x86.ActiveCfg = Release|Any CPU
		{0C9DD42D-6B2C-4A1C-AEC0-5851110EFB6B}.Release|x86.Build.0 = Release|Any CPU
	EndGlobalSection
	GlobalSection(SolutionProperties) = preSolution
		HideSolutionNode = FALSE
	EndGlobalSection
	GlobalSection(NestedProjects) = preSolution
		{E540D23B-B328-46AB-ACA7-6F730C554ED6} = {827E0CD3-B72D-47B6-A68D-7590B98EB39B}
		{8854A492-2F34-4C43-BF28-494796710033} = {827E0CD3-B72D-47B6-A68D-7590B98EB39B}
		{419A4F7D-25CB-4100-84A7-EA16424A3AF0} = {827E0CD3-B72D-47B6-A68D-7590B98EB39B}
		{14AC35CC-AB17-48F2-8D77-2D34DDB92F63} = {827E0CD3-B72D-47B6-A68D-7590B98EB39B}
		{0C9DD42D-6B2C-4A1C-AEC0-5851110EFB6B} = {0AB3BF05-4346-4AA6-1389-037BE0695223}
	EndGlobalSection
EndGlobal
